version = 1
revision = 1
requires-python = "==3.10.*"

[[package]]
name = "accel"
version = "0.1.0"
source = { virtual = "." }
dependencies = [
    { name = "amaranth" },
    { name = "crc16" },
    { name = "crcmod" },
    { name = "litedram" },
    { name = "liteeth" },
    { name = "litescope" },
    { name = "litespi" },
    { name = "litex" },
    { name = "litex-boards" },
    { name = "numpy" },
    { name = "pyserial" },
    { name = "pytest" },
    { name = "pythondata-cpu-vexriscv" },
    { name = "pythondata-misc-tapcfg" },
    { name = "pythondata-software-compiler-rt" },
    { name = "pythondata-software-picolibc" },
]

[package.metadata]
requires-dist = [
    { name = "amaranth", specifier = ">=0.5.8" },
    { name = "crc16", specifier = ">=0.1.1" },
    { name = "crcmod" },
    { name = "litedram" },
    { name = "liteeth" },
    { name = "litescope", specifier = ">=2024.12" },
    { name = "litespi", specifier = ">=2024.12" },
    { name = "litex" },
    { name = "litex-boards" },
    { name = "numpy", specifier = ">=2.2.6" },
    { name = "pyserial" },
    { name = "pytest", specifier = ">=9.0.2" },
    { name = "pythondata-cpu-vexriscv" },
    { name = "pythondata-misc-tapcfg" },
    { name = "pythondata-software-compiler-rt" },
    { name = "pythondata-software-picolibc" },
]

[[package]]
name = "amaranth"
version = "0.5.8"
source = { registry = "https://pypi.org/simple" }
dependencies = [
    { name = "jinja2" },
    { name = "jschon" },
    { name = "pyvcd" },
]
sdist = { url = "https://files.pythonhosted.org/packages/fe/e0/3cf8194ef5e4bb317c80956df0e7b0bbc5c251af04bb8b16e4593eb0a811/amaranth-0.5.8.tar.gz", hash = "sha256:a9d6221fdb002614e82ac3603d245827829f279e8eb5fc543c948ea3609328ea", size = 227139 }
wheels = [
    { url = "https://files.pythonhosted.org/packages/74/4b/61caac0c0ba1934ed839ddfa35592e3cbc2a6762e829209df5e8adab4fda/amaranth-0.5.8-py3-none-any.whl", hash = "sha256:6c32bd3422c700d246904032c1252f0a84225d2bdf9e26de4bc7df2ec83a8b39", size = 254263 },
]

[[package]]
name = "certifi"
version = "2026.2.25"
source = { registry = "https://pypi.org/simple" }
sdist = { url = "https://files.pythonhosted.org/packages/af/2d/7bf41579a8986e348fa033a31cdd0e4121114f6bce2457e8876010b092dd/certifi-2026.2.25.tar.gz", hash = "sha256:e887ab5cee78ea814d3472169153c2d12cd43b14bd03329a39a9c6e2e80bfba7", size = 155029 }
wheels = [
    { url = "https://files.pythonhosted.org/packages/9a/3c/c17fb3ca2d9c3acff52e30b309f538586f9f5b9c9cf454f3845fc9af4881/certifi-2026.2.25-py3-none-any.whl", hash = "sha256:027692e4402ad994f1c42e52a4997a9763c646b73e4096e4d5d6db8af1d6f0fa", size = 153684 },
]

[[package]]
name = "charset-normalizer"
version = "3.4.5"
source = { registry = "https://pypi.org/simple" }
sdist = { url = "https://files.pythonhosted.org/packages/1d/35/02daf95b9cd686320bb622eb148792655c9412dbb9b67abb5694e5910a24/charset_normalizer-3.4.5.tar.gz", hash = "sha256:95adae7b6c42a6c5b5b559b1a99149f090a57128155daeea91732c8d970d8644", size = 134804 }
wheels = [
    { url = "https://files.pythonhosted.org/packages/a7/21/a2b1505639008ba2e6ef03733a81fc6cfd6a07ea6139a2b76421230b8dad/charset_normalizer-3.4.5-cp310-cp310-macosx_10_9_universal2.whl", hash = "sha256:4167a621a9a1a986c73777dbc15d4b5eac8ac5c10393374109a343d4013ec765", size = 283319 },
    { url = "https://files.pythonhosted.org/packages/70/67/df234c29b68f4e1e095885c9db1cb4b69b8aba49cf94fac041db4aaf1267/charset_normalizer-3.4.5-cp310-cp310-manylinux2014_aarch64.manylinux_2_17_aarch64.manylinux_2_28_aarch64.whl", hash = "sha256:3f64c6bf8f32f9133b668c7f7a7cbdbc453412bc95ecdbd157f3b1e377a92990", size = 189974 },
    { url = "https://files.pythonhosted.org/packages/df/7f/fc66af802961c6be42e2c7b69c58f95cbd1f39b0e81b3365d8efe2a02a04/charset_normalizer-3.4.5-cp310-cp310-manylinux2014_ppc64le.manylinux_2_17_ppc64le.manylinux_2_28_ppc64le.whl", hash = "sha256:568e3c34b58422075a1b49575a6abc616d9751b4d61b23f712e12ebb78fe47b2", size = 207866 },
    { url = "https://files.pythonhosted.org/packages/c9/23/404eb36fac4e95b833c50e305bba9a241086d427bb2167a42eac7c4f7da4/charset_normalizer-3.4.5-cp310-cp310-manylinux2014_s390x.manylinux_2_17_s390x.manylinux_2_28_s390x.whl", hash = "sha256:036c079aa08a6a592b82487f97c60b439428320ed1b2ea0b3912e99d30c77765", size = 203239 },
    { url = "https://files.pythonhosted.org/packages/4b/2f/8a1d989bfadd120c90114ab33e0d2a0cbde05278c1fc15e83e62d570f50a/charset_normalizer-3.4.5-cp310-cp310-manylinux2014_x86_64.manylinux_2_17_x86_64.manylinux_2_28_x86_64.whl", hash = "sha256:340810d34ef83af92148e96e3e44cb2d3f910d2bf95e5618a5c467d9f102231d", size = 196529 },
    { url = "https://files.pythonhosted.org/packages/a5/0c/c75f85ff7ca1f051958bb518cd43922d86f576c03947a050fbedfdfb4f15/charset_normalizer-3.4.5-cp310-cp310-manylinux_2_31_armv7l.whl", hash = "sha256:cd2d0f0ec9aa977a27731a3209ebbcacebebaf41f902bd453a928bfd281cf7f8", size = 184152 },
    { url = "https://files.pythonhosted.org/packages/f9/20/4ed37f6199af5dde94d4aeaf577f3813a5ec6635834cda1d957013a09c76/charset_normalizer-3.4.5-cp310-cp310-manylinux_2_31_riscv64.manylinux_2_39_riscv64.whl", hash = "sha256:0b362bcd27819f9c07cbf23db4e0e8cd4b44c5ecd900c2ff907b2b92274a7412", size = 195226 },
    { url = "https://files.pythonhosted.org/packages/28/31/7ba1102178cba7c34dcc050f43d427172f389729e356038f0726253dd914/charset_normalizer-3.4.5-cp310-cp310-musllinux_1_2_aarch64.whl", hash = "sha256:77be992288f720306ab4108fe5c74797de327f3248368dfc7e1a916d6ed9e5a2", size = 192933 },
    { url = "https://files.pythonhosted.org/packages/4b/23/f86443ab3921e6a60b33b93f4a1161222231f6c69bc24fb18f3bee7b8518/charset_normalizer-3.4.5-cp310-cp310-musllinux_1_2_armv7l.whl", hash = "sha256:8b78d8a609a4b82c273257ee9d631ded7fac0d875bdcdccc109f3ee8328cfcb1", size = 185647 },
    { url = "https://files.pythonhosted.org/packages/82/44/08b8be891760f1f5a6d23ce11d6d50c92981603e6eb740b4f72eea9424e2/charset_normalizer-3.4.5-cp310-cp310-musllinux_1_2_ppc64le.whl", hash = "sha256:ba20bdf69bd127f66d0174d6f2a93e69045e0b4036dc1ca78e091bcc765830c4", size = 209533 },
    { url = "https://files.pythonhosted.org/packages/3b/5f/df114f23406199f8af711ddccfbf409ffbc5b7cdc18fa19644997ff0c9bb/charset_normalizer-3.4.5-cp310-cp310-musllinux_1_2_riscv64.whl", hash = "sha256:76a9d0de4d0eab387822e7b35d8f89367dd237c72e82ab42b9f7bf5e15ada00f", size = 195901 },
    { url = "https://files.pythonhosted.org/packages/07/83/71ef34a76fe8aa05ff8f840244bda2d61e043c2ef6f30d200450b9f6a1be/charset_normalizer-3.4.5-cp310-cp310-musllinux_1_2_s390x.whl", hash = "sha256:8fff79bf5978c693c9b1a4d71e4a94fddfb5fe744eb062a318e15f4a2f63a550", size = 204950 },
    { url = "https://files.pythonhosted.org/packages/58/40/0253be623995365137d7dc68e45245036207ab2227251e69a3d93ce43183/charset_normalizer-3.4.5-cp310-cp310-musllinux_1_2_x86_64.whl", hash = "sha256:c7e84e0c0005e3bdc1a9211cd4e62c78ba80bc37b2365ef4410cd2007a9047f2", size = 198546 },
    { url = "https://files.pythonhosted.org/packages/ed/5c/5f3cb5b259a130895ef5ae16b38eaf141430fa3f7af50cd06c5d67e4f7b2/charset_normalizer-3.4.5-cp310-cp310-win32.whl", hash = "sha256:58ad8270cfa5d4bef1bc85bd387217e14ff154d6630e976c6f56f9a040757475", size = 132516 },
    { url = "https://files.pythonhosted.org/packages/a5/c3/84fb174e7770f2df2e1a2115090771bfbc2227fb39a765c6d00568d1aab4/charset_normalizer-3.4.5-cp310-cp310-win_amd64.whl", hash = "sha256:02a9d1b01c1e12c27883b0c9349e0bcd9ae92e727ff1a277207e1a262b1cbf05", size = 142906 },
    { url = "https://files.pythonhosted.org/packages/d7/b2/6f852f8b969f2cbd0d4092d2e60139ab1af95af9bb651337cae89ec0f684/charset_normalizer-3.4.5-cp310-cp310-win_arm64.whl", hash = "sha256:039215608ac7b358c4da0191d10fc76868567fbf276d54c14721bdedeb6de064", size = 133258 },
    { url = "https://files.pythonhosted.org/packages/c5/60/3a621758945513adfd4db86827a5bafcc615f913dbd0b4c2ed64a65731be/charset_normalizer-3.4.5-py3-none-any.whl", hash = "sha256:9db5e3fcdcee89a78c04dffb3fe33c79f77bd741a624946db2591c81b2fc85b0", size = 55455 },
]

[[package]]
name = "colorama"
version = "0.4.6"
source = { registry = "https://pypi.org/simple" }
sdist = { url = "https://files.pythonhosted.org/packages/d8/53/6f443c9a4a8358a93a6792e2acffb9d9d5cb0a5cfd8802644b7b1c9a02e4/colorama-0.4.6.tar.gz", hash = "sha256:08695f5cb7ed6e0531a20572697297273c47b8cae5a63ffc6d6ed5c201be6e44", size = 27697 }
wheels = [
    { url = "https://files.pythonhosted.org/packages/d1/d6/3965ed04c63042e047cb6a3e6ed1a63a35087b6a609aa3a15ed8ac56c221/colorama-0.4.6-py2.py3-none-any.whl", hash = "sha256:4f1d9991f5acc0ca119f9d443620b77f9d6b33703e51011c16baf57afb285fc6", size = 25335 },
]

[[package]]
name = "crc16"
version = "0.1.1"
source = { registry = "https://pypi.org/simple" }
sdist = { url = "https://files.pythonhosted.org/packages/a6/e0/70a44c4385f2b33df82e518005aae16b5c1feaf082c73c0acebe3426fc0a/crc16-0.1.1.tar.gz", hash = "sha256:c1f86aa0390f4baf07d2631b16b979580eae1d9a973a826ce45353a22ee8d396", size = 9631 }

[[package]]
name = "crcmod"
version = "1.7"
source = { registry = "https://pypi.org/simple" }
sdist = { url = "https://files.pythonhosted.org/packages/6b/b0/e595ce2a2527e169c3bcd6c33d2473c1918e0b7f6826a043ca1245dd4e5b/crcmod-1.7.tar.gz", hash = "sha256:dc7051a0db5f2bd48665a990d3ec1cc305a466a77358ca4492826f41f283601e", size = 89670 }

[[package]]
name = "exceptiongroup"
version = "1.3.1"
source = { registry = "https://pypi.org/simple" }
dependencies = [
    { name = "typing-extensions" },
]
sdist = { url = "https://files.pythonhosted.org/packages/50/79/66800aadf48771f6b62f7eb014e352e5d06856655206165d775e675a02c9/exceptiongroup-1.3.1.tar.gz", hash = "sha256:8b412432c6055b0b7d14c310000ae93352ed6754f70fa8f7c34141f91c4e3219", size = 30371 }
wheels = [
    { url = "https://files.pythonhosted.org/packages/8a/0e/97c33bf5009bdbac74fd2beace167cab3f978feb69cc36f1ef79360d6c4e/exceptiongroup-1.3.1-py3-none-any.whl", hash = "sha256:a7a39a3bd276781e98394987d3a5701d0c4edffb633bb7a5144577f82c773598", size = 16740 },
]

[[package]]
name = "idna"
version = "3.11"
source = { registry = "https://pypi.org/simple" }
sdist = { url = "https://files.pythonhosted.org/packages/6f/6d/0703ccc57f3a7233505399edb88de3cbd678da106337b9fcde432b65ed60/idna-3.11.tar.gz", hash = "sha256:795dafcc9c04ed0c1fb032c2aa73654d8e8c5023a7df64a53f39190ada629902", size = 194582 }
wheels = [
    { url = "https://files.pythonhosted.org/packages/0e/61/66938bbb5fc52dbdf84594873d5b51fb1f7c7794e9c0f5bd885f30bc507b/idna-3.11-py3-none-any.whl", hash = "sha256:771a87f49d9defaf64091e6e6fe9c18d4833f140bd19464795bc32d966ca37ea", size = 71008 },
]

[[package]]
name = "iniconfig"
version = "2.3.0"
source = { registry = "https://pypi.org/simple" }
sdist = { url = "https://files.pythonhosted.org/packages/72/34/14ca021ce8e5dfedc35312d08ba8bf51fdd999c576889fc2c24cb97f4f10/iniconfig-2.3.0.tar.gz", hash = "sha256:c76315c77db068650d49c5b56314774a7804df16fee4402c1f19d6d15d8c4730", size = 20503 }
wheels = [
    { url = "https://files.pythonhosted.org/packages/cb/b1/3846dd7f199d53cb17f49cba7e651e9ce294d8497c8c150530ed11865bb8/iniconfig-2.3.0-py3-none-any.whl", hash = "sha256:f631c04d2c48c52b84d0d0549c99ff3859c98df65b3101406327ecc7d53fbf12", size = 7484 },
]

[[package]]
name = "jinja2"
version = "3.1.6"
source = { registry = "https://pypi.org/simple" }
dependencies = [
    { name = "markupsafe" },
]
sdist = { url = "https://files.pythonhosted.org/packages/df/bf/f7da0350254c0ed7c72f3e33cef02e048281fec7ecec5f032d4aac52226b/jinja2-3.1.6.tar.gz", hash = "sha256:0137fb05990d35f1275a587e9aee6d56da821fc83491a0fb838183be43f66d6d", size = 245115 }
wheels = [
    { url = "https://files.pythonhosted.org/packages/62/a1/3d680cbfd5f4b8f15abc1d571870c5fc3e594bb582bc3b64ea099db13e56/jinja2-3.1.6-py3-none-any.whl", hash = "sha256:85ece4451f492d0c13c5dd7c13a64681a86afae63a5f347908daf103ce6d2f67", size = 134899 },
]

[[package]]
name = "jschon"
version = "0.11.1"
source = { registry = "https://pypi.org/simple" }
dependencies = [
    { name = "rfc3986" },
]
sdist = { url = "https://files.pythonhosted.org/packages/7b/8b/5cbfbb4751533027ba97a59dfe4c9e694fbceaf549fa9cd7cb9a6066bd60/jschon-0.11.1.tar.gz", hash = "sha256:c0ca0beab1f1694a03d726b91ed75ec604a7787af3ae91ead765f78215bf149f", size = 69411 }
wheels = [
    { url = "https://files.pythonhosted.org/packages/ce/b1/31f454a2ac0d23b0a47283d115f0af4abe2a1ea391f5ccb223e02d685b82/jschon-0.11.1-py3-none-any.whl", hash = "sha256:2350e8b6747b17358022960f91208bea70de448b914827af3184d30e20500f0f", size = 66971 },
]

[[package]]
name = "litedram"
version = "2024.12"
source = { registry = "https://pypi.org/simple" }
dependencies = [
    { name = "litex" },
    { name = "pyyaml" },
]
sdist = { url = "https://files.pythonhosted.org/packages/66/6d/84ec86b6d3477c56c144d8a03c682e32df7acfe306e844498bbeec4f12a7/litedram-2024.12.tar.gz", hash = "sha256:8c9eea03d6597018d0830f3295fe85550149d9f14efb97ff0ae7dd459b9c8d8b", size = 348954 }
wheels = [
    { url = "https://files.pythonhosted.org/packages/41/85/59df218c145acef7bc300ea5c7b5d481f81bb4b6aa4e41e959bd96044f54/litedram-2024.12-py3-none-any.whl", hash = "sha256:b3a1bf09efa87b24760978b0b1fcd19f75a6e918f0ceb3991a8f3b28184ec694", size = 208486 },
]

[[package]]
name = "liteeth"
version = "2024.12"
source = { registry = "https://pypi.org/simple" }
dependencies = [
    { name = "liteiclink" },
    { name = "litex" },
    { name = "pyyaml" },
]
sdist = { url = "https://files.pythonhosted.org/packages/6f/4f/a48d82ecd3a5da10e3fded6b5aa37e118f7800c44ded3d76537166671f58/liteeth-2024.12.tar.gz", hash = "sha256:aeb9b62d4613f0542c4dc1d6ce8c5478d9491e072cc7583a5de4bae8f819ed07", size = 271898 }
wheels = [
    { url = "https://files.pythonhosted.org/packages/41/89/652fa27de7457840b9569cc4e2ab420fd85a84a64442f7ab64daa4ab5c0e/liteeth-2024.12-py3-none-any.whl", hash = "sha256:0a3fcf82a035ce16f3b32f102b6dc3facd5bfe08396e67cab15a4d289d762a70", size = 139199 },
]

[[package]]
name = "liteiclink"
version = "2025.4"
source = { registry = "https://pypi.org/simple" }
dependencies = [
    { name = "litex" },
    { name = "pyyaml" },
]
sdist = { url = "https://files.pythonhosted.org/packages/89/4a/c38c23734477d571e5c5ae762133cadf365fe8575f516a70d92a6d754097/liteiclink-2025.4.tar.gz", hash = "sha256:4e4315339b32340555a646818df361e01a6addc45887e95b6796bea75cc662d4", size = 93206 }

[[package]]
name = "litescope"
version = "2024.12"
source = { registry = "https://pypi.org/simple" }
dependencies = [
    { name = "litex" },
    { name = "pyyaml" },
]
sdist = { url = "https://files.pythonhosted.org/packages/12/67/26ef17c6a32acb5d29c8c6d93293a65d29b53d6097da73ec8b084f758e74/litescope-2024.12.tar.gz", hash = "sha256:41037c6dbd50173627ad7a0e344be4ba998f08485dd09f6376fd97fd7d36b638", size = 18620 }
wheels = [
    { url = "https://files.pythonhosted.org/packages/86/52/4b28369c447464e60d11f6799c3d44d9b8a3b64b7bc1b074e781e5c2bc65/litescope-2024.12-py3-none-any.whl", hash = "sha256:224beaaf8e1874605814566b9db98688bae5b6c86f4bc071a5dca1ee1f566db6", size = 19981 },
]

[[package]]
name = "litespi"
version = "2024.12"
source = { registry = "https://pypi.org/simple" }
dependencies = [
    { name = "litex" },
    { name = "pyyaml" },
]
sdist = { url = "https://files.pythonhosted.org/packages/2a/29/5ac3264c7a976bee9edd9fc0de08333b9c809e6de459759cedaf696e21e6/litespi-2024.12.tar.gz", hash = "sha256:e3cbdc9b764bc216551ca66741483e13060073a7f46322af6941ce583ed9b377", size = 33947 }
wheels = [
    { url = "https://files.pythonhosted.org/packages/a4/d0/fd6c2874db3c9eea8ddfddf68a8da15c4b6bddf29338e94406f6acdac9b2/litespi-2024.12-py3-none-any.whl", hash = "sha256:4594da2333b4b476f92996eecc893d77a66a59c107a759ef1f292a1bb44f6695", size = 40268 },
]

[[package]]
name = "litex"
version = "2024.12"
source = { registry = "https://pypi.org/simple" }
dependencies = [
    { name = "migen" },
    { name = "packaging" },
    { name = "pyserial" },
    { name = "requests" },
]
sdist = { url = "https://files.pythonhosted.org/packages/d4/9b/b3de19c35bd3e1ab6b1944908792328460a0d49d4f304176952cd69c7bc4/litex-2024.12.tar.gz", hash = "sha256:e5eccd3da2eb13091d912b4200d1b5085576da1e7e70c4bb44a677c793a0fb1a", size = 2712974 }
wheels = [
    { url = "https://files.pythonhosted.org/packages/55/a4/9498912de1783ceb440b453abbc8e704df9affc4a65491b077b3913c2d54/litex-2024.12-py3-none-any.whl", hash = "sha256:f4ffd571540f19101e3fbebc4e945919f74254bb38292ecd79db71f9acd1dc7e", size = 1593824 },
]

[[package]]
name = "litex-boards"
version = "2023.12"
source = { registry = "https://pypi.org/simple" }
dependencies = [
    { name = "litex" },
]
sdist = { url = "https://files.pythonhosted.org/packages/eb/89/4af3aeeb252e3d400612607dd619e5df8ea1aa17c7c24a240ea6c7088340/litex-boards-2023.12.tar.gz", hash = "sha256:1d3d9cfbf8c68ecb76bf5dbaf13edde78b305bdcd05f8da8d4f35b3b54382d66", size = 336791 }

[[package]]
name = "markupsafe"
version = "3.0.3"
source = { registry = "https://pypi.org/simple" }
sdist = { url = "https://files.pythonhosted.org/packages/7e/99/7690b6d4034fffd95959cbe0c02de8deb3098cc577c67bb6a24fe5d7caa7/markupsafe-3.0.3.tar.gz", hash = "sha256:722695808f4b6457b320fdc131280796bdceb04ab50fe1795cd540799ebe1698", size = 80313 }
wheels = [
    { url = "https://files.pythonhosted.org/packages/e8/4b/3541d44f3937ba468b75da9eebcae497dcf67adb65caa16760b0a6807ebb/markupsafe-3.0.3-cp310-cp310-macosx_10_9_x86_64.whl", hash = "sha256:2f981d352f04553a7171b8e44369f2af4055f888dfb147d55e42d29e29e74559", size = 11631 },
    { url = "https://files.pythonhosted.org/packages/98/1b/fbd8eed11021cabd9226c37342fa6ca4e8a98d8188a8d9b66740494960e4/markupsafe-3.0.3-cp310-cp310-macosx_11_0_arm64.whl", hash = "sha256:e1c1493fb6e50ab01d20a22826e57520f1284df32f2d8601fdd90b6304601419", size = 12057 },
    { url = "https://files.pythonhosted.org/packages/40/01/e560d658dc0bb8ab762670ece35281dec7b6c1b33f5fbc09ebb57a185519/markupsafe-3.0.3-cp310-cp310-manylinux2014_aarch64.manylinux_2_17_aarch64.manylinux_2_28_aarch64.whl", hash = "sha256:1ba88449deb3de88bd40044603fafffb7bc2b055d626a330323a9ed736661695", size = 22050 },
    { url = "https://files.pythonhosted.org/packages/af/cd/ce6e848bbf2c32314c9b237839119c5a564a59725b53157c856e90937b7a/markupsafe-3.0.3-cp310-cp310-manylinux2014_x86_64.manylinux_2_17_x86_64.manylinux_2_28_x86_64.whl", hash = "sha256:f42d0984e947b8adf7dd6dde396e720934d12c506ce84eea8476409563607591", size = 20681 },
    { url = "https://files.pythonhosted.org/packages/c9/2a/b5c12c809f1c3045c4d580b035a743d12fcde53cf685dbc44660826308da/markupsafe-3.0.3-cp310-cp310-manylinux_2_31_riscv64.manylinux_2_39_riscv64.whl", hash = "sha256:c0c0b3ade1c0b13b936d7970b1d37a57acde9199dc2aecc4c336773e1d86049c", size = 20705 },
    { url = "https://files.pythonhosted.org/packages/cf/e3/9427a68c82728d0a88c50f890d0fc072a1484de2f3ac1ad0bfc1a7214fd5/markupsafe-3.0.3-cp310-cp310-musllinux_1_2_aarch64.whl", hash = "sha256:0303439a41979d9e74d18ff5e2dd8c43ed6c6001fd40e5bf2e43f7bd9bbc523f", size = 21524 },
    { url = "https://files.pythonhosted.org/packages/bc/36/23578f29e9e582a4d0278e009b38081dbe363c5e7165113fad546918a232/markupsafe-3.0.3-cp310-cp310-musllinux_1_2_riscv64.whl", hash = "sha256:d2ee202e79d8ed691ceebae8e0486bd9a2cd4794cec4824e1c99b6f5009502f6", size = 20282 },
    { url = "https://files.pythonhosted.org/packages/56/21/dca11354e756ebd03e036bd8ad58d6d7168c80ce1fe5e75218e4945cbab7/markupsafe-3.0.3-cp310-cp310-musllinux_1_2_x86_64.whl", hash = "sha256:177b5253b2834fe3678cb4a5f0059808258584c559193998be2601324fdeafb1", size = 20745 },
    { url = "https://files.pythonhosted.org/packages/87/99/faba9369a7ad6e4d10b6a5fbf71fa2a188fe4a593b15f0963b73859a1bbd/markupsafe-3.0.3-cp310-cp310-win32.whl", hash = "sha256:2a15a08b17dd94c53a1da0438822d70ebcd13f8c3a95abe3a9ef9f11a94830aa", size = 14571 },
    { url = "https://files.pythonhosted.org/packages/d6/25/55dc3ab959917602c96985cb1253efaa4ff42f71194bddeb61eb7278b8be/markupsafe-3.0.3-cp310-cp310-win_amd64.whl", hash = "sha256:c4ffb7ebf07cfe8931028e3e4c85f0357459a3f9f9490886198848f4fa002ec8", size = 15056 },
    { url = "https://files.pythonhosted.org/packages/d0/9e/0a02226640c255d1da0b8d12e24ac2aa6734da68bff14c05dd53b94a0fc3/markupsafe-3.0.3-cp310-cp310-win_arm64.whl", hash = "sha256:e2103a929dfa2fcaf9bb4e7c091983a49c9ac3b19c9061b6d5427dd7d14d81a1", size = 13932 },
]

[[package]]
name = "migen"
version = "0.9.2"
source = { registry = "https://pypi.org/simple" }
dependencies = [
    { name = "colorama" },
]
sdist = { url = "https://files.pythonhosted.org/packages/cc/f0/b38382ac821861c193992817e3687e49122d09f130f6a33a7d01a4f01bc1/migen-0.9.2.tar.gz", hash = "sha256:8fdb776d3556fda82aaa95e936b54196a92afc8427564e94f5ecc34a5681085d", size = 129103 }

[[package]]
name = "numpy"
version = "2.2.6"
source = { registry = "https://pypi.org/simple" }
sdist = { url = "https://files.pythonhosted.org/packages/76/21/7d2a95e4bba9dc13d043ee156a356c0a8f0c6309dff6b21b4d71a073b8a8/numpy-2.2.6.tar.gz", hash = "sha256:e29554e2bef54a90aa5cc07da6ce955accb83f21ab5de01a62c8478897b264fd", size = 20276440 }
wheels = [
    { url = "https://files.pythonhosted.org/packages/9a/3e/ed6db5be21ce87955c0cbd3009f2803f59fa08df21b5df06862e2d8e2bdd/numpy-2.2.6-cp310-cp310-macosx_10_9_x86_64.whl", hash = "sha256:b412caa66f72040e6d268491a59f2c43bf03eb6c96dd8f0307829feb7fa2b6fb", size = 21165245 },
    { url = "https://files.pythonhosted.org/packages/22/c2/4b9221495b2a132cc9d2eb862e21d42a009f5a60e45fc44b00118c174bff/numpy-2.2.6-cp310-cp310-macosx_11_0_arm64.whl", hash = "sha256:8e41fd67c52b86603a91c1a505ebaef50b3314de0213461c7a6e99c9a3beff90", size = 14360048 },
    { url = "https://files.pythonhosted.org/packages/fd/77/dc2fcfc66943c6410e2bf598062f5959372735ffda175b39906d54f02349/numpy-2.2.6-cp310-cp310-macosx_14_0_arm64.whl", hash = "sha256:37e990a01ae6ec7fe7fa1c26c55ecb672dd98b19c3d0e1d1f326fa13cb38d163", size = 5340542 },
    { url = "https://files.pythonhosted.org/packages/7a/4f/1cb5fdc353a5f5cc7feb692db9b8ec2c3d6405453f982435efc52561df58/numpy-2.2.6-cp310-cp310-macosx_14_0_x86_64.whl", hash = "sha256:5a6429d4be8ca66d889b7cf70f536a397dc45ba6faeb5f8c5427935d9592e9cf", size = 6878301 },
    { url = "https://files.pythonhosted.org/packages/eb/17/96a3acd228cec142fcb8723bd3cc39c2a474f7dcf0a5d16731980bcafa95/numpy-2.2.6-cp310-cp310-manylinux_2_17_aarch64.manylinux2014_aarch64.whl", hash = "sha256:efd28d4e9cd7d7a8d39074a4d44c63eda73401580c5c76acda2ce969e0a38e83", size = 14297320 },
    { url = "https://files.pythonhosted.org/packages/b4/63/3de6a34ad7ad6646ac7d2f55ebc6ad439dbbf9c4370017c50cf403fb19b5/numpy-2.2.6-cp310-cp310-manylinux_2_17_x86_64.manylinux2014_x86_64.whl", hash = "sha256:fc7b73d02efb0e18c000e9ad8b83480dfcd5dfd11065997ed4c6747470ae8915", size = 16801050 },
    { url = "https://files.pythonhosted.org/packages/07/b6/89d837eddef52b3d0cec5c6ba0456c1bf1b9ef6a6672fc2b7873c3ec4e2e/numpy-2.2.6-cp310-cp310-musllinux_1_2_aarch64.whl", hash = "sha256:74d4531beb257d2c3f4b261bfb0fc09e0f9ebb8842d82a7b4209415896adc680", size = 15807034 },
    { url = "https://files.pythonhosted.org/packages/01/c8/dc6ae86e3c61cfec1f178e5c9f7858584049b6093f843bca541f94120920/numpy-2.2.6-cp310-cp310-musllinux_1_2_x86_64.whl", hash = "sha256:8fc377d995680230e83241d8a96def29f204b5782f371c532579b4f20607a289", size = 18614185 },
    { url = "https://files.pythonhosted.org/packages/5b/c5/0064b1b7e7c89137b471ccec1fd2282fceaae0ab3a9550f2568782d80357/numpy-2.2.6-cp310-cp310-win32.whl", hash = "sha256:b093dd74e50a8cba3e873868d9e93a85b78e0daf2e98c6797566ad8044e8363d", size = 6527149 },
    { url = "https://files.pythonhosted.org/packages/a3/dd/4b822569d6b96c39d1215dbae0582fd99954dcbcf0c1a13c61783feaca3f/numpy-2.2.6-cp310-cp310-win_amd64.whl", hash = "sha256:f0fd6321b839904e15c46e0d257fdd101dd7f530fe03fd6359c1ea63738703f3", size = 12904620 },
    { url = "https://files.pythonhosted.org/packages/9e/3b/d94a75f4dbf1ef5d321523ecac21ef23a3cd2ac8b78ae2aac40873590229/numpy-2.2.6-pp310-pypy310_pp73-macosx_10_15_x86_64.whl", hash = "sha256:0b605b275d7bd0c640cad4e5d30fa701a8d59302e127e5f79138ad62762c3e3d", size = 21040391 },
    { url = "https://files.pythonhosted.org/packages/17/f4/09b2fa1b58f0fb4f7c7963a1649c64c4d315752240377ed74d9cd878f7b5/numpy-2.2.6-pp310-pypy310_pp73-macosx_14_0_x86_64.whl", hash = "sha256:7befc596a7dc9da8a337f79802ee8adb30a552a94f792b9c9d18c840055907db", size = 6786754 },
    { url = "https://files.pythonhosted.org/packages/af/30/feba75f143bdc868a1cc3f44ccfa6c4b9ec522b36458e738cd00f67b573f/numpy-2.2.6-pp310-pypy310_pp73-manylinux_2_17_x86_64.manylinux2014_x86_64.whl", hash = "sha256:ce47521a4754c8f4593837384bd3424880629f718d87c5d44f8ed763edd63543", size = 16643476 },
    { url = "https://files.pythonhosted.org/packages/37/48/ac2a9584402fb6c0cd5b5d1a91dcf176b15760130dd386bbafdbfe3640bf/numpy-2.2.6-pp310-pypy310_pp73-win_amd64.whl", hash = "sha256:d042d24c90c41b54fd506da306759e06e568864df8ec17ccc17e9e884634fd00", size = 12812666 },
]

[[package]]
name = "packaging"
version = "26.0"
source = { registry = "https://pypi.org/simple" }
sdist = { url = "https://files.pythonhosted.org/packages/65/ee/299d360cdc32edc7d2cf530f3accf79c4fca01e96ffc950d8a52213bd8e4/packaging-26.0.tar.gz", hash = "sha256:00243ae351a257117b6a241061796684b084ed1c516a08c48a3f7e147a9d80b4", size = 143416 }
wheels = [
    { url = "https://files.pythonhosted.org/packages/b7/b9/c538f279a4e237a006a2c98387d081e9eb060d203d8ed34467cc0f0b9b53/packaging-26.0-py3-none-any.whl", hash = "sha256:b36f1fef9334a5588b4166f8bcd26a14e521f2b55e6b9de3aaa80d3ff7a37529", size = 74366 },
]

[[package]]
name = "pluggy"
version = "1.6.0"
source = { registry = "https://pypi.org/simple" }
sdist = { url = "https://files.pythonhosted.org/packages/f9/e2/3e91f31a7d2b083fe6ef3fa267035b518369d9511ffab804f839851d2779/pluggy-1.6.0.tar.gz", hash = "sha256:7dcc130b76258d33b90f61b658791dede3486c3e6bfb003ee5c9bfb396dd22f3", size = 69412 }
wheels = [
    { url = "https://files.pythonhosted.org/packages/54/20/4d324d65cc6d9205fabedc306948156824eb9f0ee1633355a8f7ec5c66bf/pluggy-1.6.0-py3-none-any.whl", hash = "sha256:e920276dd6813095e9377c0bc5566d94c932c33b27a3e3945d8389c374dd4746", size = 20538 },
]

[[package]]
name = "pygments"
version = "2.19.2"
source = { registry = "https://pypi.org/simple" }
sdist = { url = "https://files.pythonhosted.org/packages/b0/77/a5b8c569bf593b0140bde72ea885a803b82086995367bf2037de0159d924/pygments-2.19.2.tar.gz", hash = "sha256:636cb2477cec7f8952536970bc533bc43743542f70392ae026374600add5b887", size = 4968631 }
wheels = [
    { url = "https://files.pythonhosted.org/packages/c7/21/705964c7812476f378728bdf590ca4b771ec72385c533964653c68e86bdc/pygments-2.19.2-py3-none-any.whl", hash = "sha256:86540386c03d588bb81d44bc3928634ff26449851e99741617ecb9037ee5ec0b", size = 1225217 },
]

[[package]]
name = "pyserial"
version = "3.5"
source = { registry = "https://pypi.org/simple" }
sdist = { url = "https://files.pythonhosted.org/packages/1e/7d/ae3f0a63f41e4d2f6cb66a5b57197850f919f59e558159a4dd3a818f5082/pyserial-3.5.tar.gz", hash = "sha256:3c77e014170dfffbd816e6ffc205e9842efb10be9f58ec16d3e8675b4925cddb", size = 159125 }
wheels = [
    { url = "https://files.pythonhosted.org/packages/07/bc/587a445451b253b285629263eb51c2d8e9bcea4fc97826266d186f96f558/pyserial-3.5-py2.py3-none-any.whl", hash = "sha256:c4451db6ba391ca6ca299fb3ec7bae67a5c55dde170964c7a14ceefec02f2cf0", size = 90585 },
]

[[package]]
name = "pytest"
version = "9.0.2"
source = { registry = "https://pypi.org/simple" }
dependencies = [
    { name = "colorama", marker = "sys_platform == 'win32'" },
    { name = "exceptiongroup" },
    { name = "iniconfig" },
    { name = "packaging" },
    { name = "pluggy" },
    { name = "pygments" },
    { name = "tomli" },
]
sdist = { url = "https://files.pythonhosted.org/packages/d1/db/7ef3487e0fb0049ddb5ce41d3a49c235bf9ad299b6a25d5780a89f19230f/pytest-9.0.2.tar.gz", hash = "sha256:75186651a92bd89611d1d9fc20f0b4345fd827c41ccd5c299a868a05d70edf11", size = 1568901 }
wheels = [
    { url = "https://files.pythonhosted.org/packages/3b/ab/b3226f0bd7cdcf710fbede2b3548584366da3b19b5021e74f5bde2a8fa3f/pytest-9.0.2-py3-none-any.whl", hash = "sha256:711ffd45bf766d5264d487b917733b453d917afd2b0ad65223959f59089f875b", size = 374801 },
]

[[package]]
name = "pythondata-cpu-vexriscv"
version = "1.0.1.post407"
source = { registry = "https://pypi.org/simple" }
sdist = { url = "https://files.pythonhosted.org/packages/51/de/3b0ae3d02e120941dd8166767749cfaac4ccd7a50211889e20d37149ccc5/pythondata-cpu-vexriscv-1.0.1.post407.tar.gz", hash = "sha256:b072704f1ece7763da247344518c833b6837b1594627c29c7a2d794e75c2dc29", size = 8385724 }
wheels = [
    { url = "https://files.pythonhosted.org/packages/3e/97/c22913b8d1c6e43efc2e9c465b926110fa1c81100cefc2605ce689fa4505/pythondata_cpu_vexriscv-1.0.1.post407-py3-none-any.whl", hash = "sha256:8fbdd9ee58ab2300343846e12a70e8f8f882eced13456c359a6b65a442ce0fbc", size = 8969660 },
]

[[package]]
name = "pythondata-misc-tapcfg"
version = "0.0.post517"
source = { registry = "https://pypi.org/simple" }
sdist = { url = "https://files.pythonhosted.org/packages/22/07/28fa3f0b3afb5f747106f393c669e0d0a2dda5bd1f75b97784df8c4cfd5f/pythondata-misc-tapcfg-0.0.post517.tar.gz", hash = "sha256:d7469d5601ff1f416e4eb97a27ce34b5c74ab896e93d69e03eeb09e874fd5e9c", size = 196078 }
wheels = [
    { url = "https://files.pythonhosted.org/packages/6c/da/4f5fa71b59f0f9b8f3c68d16d1273545a1d909b1d6a19208b78531653539/pythondata_misc_tapcfg-0.0.post517-py3-none-any.whl", hash = "sha256:3fdcd41d9ca3876c8365a214093b2e66dc946d82810ac28c77e2b97d638ab7b0", size = 295926 },
]

[[package]]
name = "pythondata-software-compiler-rt"
version = "0.0.post6206"
source = { registry = "https://pypi.org/simple" }
sdist = { url = "https://files.pythonhosted.org/packages/ee/46/5d2fddbb929be50e85bdddcb3ae5d82eaa51b12810bd1324dd9286b0dc68/pythondata-software-compiler_rt-0.0.post6206.tar.gz", hash = "sha256:8923634c4fcfd75b58ea134668ae98649d7272908723c34a5836037e939c99ae", size = 2077576 }
wheels = [
    { url = "https://files.pythonhosted.org/packages/1c/32/b93385d2ec34296c33fe39035f8266905052e5cc269c571d3d6cafcf51a3/pythondata_software_compiler_rt-0.0.post6206-py3-none-any.whl", hash = "sha256:dcaa7c6cc09a47271a98e9a9b47834b31384919aaa74034e0f184d3e9068c11e", size = 3224797 },
]

[[package]]
name = "pythondata-software-picolibc"
version = "1.7.9.post181"
source = { registry = "https://pypi.org/simple" }
sdist = { url = "https://files.pythonhosted.org/packages/48/d6/0ee04f061e31dd1969853de2b6b65eac4d803eae8916a8cd99246e37b8e2/pythondata-software-picolibc-1.7.9.post181.tar.gz", hash = "sha256:1a88d2d38e5d03a173031c5285c3de61d54312c77dc7c9b877fcf434ed8a747f", size = 4581631 }
wheels = [
    { url = "https://files.pythonhosted.org/packages/a6/b3/09b9b943de8fb94de8b0afd5baed0beb9a95fd677e70759cecd212d8c30b/pythondata_software_picolibc-1.7.9.post181-py3-none-any.whl", hash = "sha256:75122e28be9aeb6311fd6de36bdac38921ea18cda4f4e0a330375ba4d4e9e566", size = 7612684 },
]

[[package]]
name = "pyvcd"
version = "0.4.1"
source = { registry = "https://pypi.org/simple" }
sdist = { url = "https://files.pythonhosted.org/packages/5a/0e/bbc8c4b8b5c2c1b072f891ecc63d5cca230ca09cf25f94ebb9b46dadc114/pyvcd-0.4.1.tar.gz", hash = "sha256:dc6275e95a7949b8236086ab2e6d03afede73441243ec5109c9ea89077f3d696", size = 39562 }
wheels = [
    { url = "https://files.pythonhosted.org/packages/8d/6d/24f67ec6cbe90ffca470f3c31e24f3d21124abc5b690398ab34a54bd3070/pyvcd-0.4.1-py2.py3-none-any.whl", hash = "sha256:3a4c71d4dce741f1155a2ed11a6278390a0816293068f6162ad9658d20f75578", size = 23561 },
]

[[package]]
name = "pyyaml"
version = "6.0.3"
source = { registry = "https://pypi.org/simple" }
sdist = { url = "https://files.pythonhosted.org/packages/05/8e/961c0007c59b8dd7729d542c61a4d537767a59645b82a0b521206e1e25c2/pyyaml-6.0.3.tar.gz", hash = "sha256:d76623373421df22fb4cf8817020cbb7ef15c725b9d5e45f17e189bfc384190f", size = 130960 }
wheels = [
    { url = "https://files.pythonhosted.org/packages/f4/a0/39350dd17dd6d6c6507025c0e53aef67a9293a6d37d3511f23ea510d5800/pyyaml-6.0.3-cp310-cp310-macosx_10_13_x86_64.whl", hash = "sha256:214ed4befebe12df36bcc8bc2b64b396ca31be9304b8f59e25c11cf94a4c033b", size = 184227 },
    { url = "https://files.pythonhosted.org/packages/05/14/52d505b5c59ce73244f59c7a50ecf47093ce4765f116cdb98286a71eeca2/pyyaml-6.0.3-cp310-cp310-macosx_11_0_arm64.whl", hash = "sha256:02ea2dfa234451bbb8772601d7b8e426c2bfa197136796224e50e35a78777956", size = 174019 },
    { url = "https://files.pythonhosted.org/packages/43/f7/0e6a5ae5599c838c696adb4e6330a59f463265bfa1e116cfd1fbb0abaaae/pyyaml-6.0.3-cp310-cp310-manylinux2014_aarch64.manylinux_2_17_aarch64.manylinux_2_28_aarch64.whl", hash = "sha256:b30236e45cf30d2b8e7b3e85881719e98507abed1011bf463a8fa23e9c3e98a8", size = 740646 },
    { url = "https://files.pythonhosted.org/packages/2f/3a/61b9db1d28f00f8fd0ae760459a5c4bf1b941baf714e207b6eb0657d2578/pyyaml-6.0.3-cp310-cp310-manylinux2014_s390x.manylinux_2_17_s390x.manylinux_2_28_s390x.whl", hash = "sha256:66291b10affd76d76f54fad28e22e51719ef9ba22b29e1d7d03d6777a9174198", size = 840793 },
    { url = "https://files.pythonhosted.org/packages/7a/1e/7acc4f0e74c4b3d9531e24739e0ab832a5edf40e64fbae1a9c01941cabd7/pyyaml-6.0.3-cp310-cp310-manylinux2014_x86_64.manylinux_2_17_x86_64.manylinux_2_28_x86_64.whl", hash = "sha256:9c7708761fccb9397fe64bbc0395abcae8c4bf7b0eac081e12b809bf47700d0b", size = 770293 },
    { url = "https://files.pythonhosted.org/packages/8b/ef/abd085f06853af0cd59fa5f913d61a8eab65d7639ff2a658d18a25d6a89d/pyyaml-6.0.3-cp310-cp310-musllinux_1_2_aarch64.whl", hash = "sha256:418cf3f2111bc80e0933b2cd8cd04f286338bb88bdc7bc8e6dd775ebde60b5e0", size = 732872 },
    { url = "https://files.pythonhosted.org/packages/1f/15/2bc9c8faf6450a8b3c9fc5448ed869c599c0a74ba2669772b1f3a0040180/pyyaml-6.0.3-cp310-cp310-musllinux_1_2_x86_64.whl", hash = "sha256:5e0b74767e5f8c593e8c9b5912019159ed0533c70051e9cce3e8b6aa699fcd69", size = 758828 },
    { url = "https://files.pythonhosted.org/packages/a3/00/531e92e88c00f4333ce359e50c19b8d1de9fe8d581b1534e35ccfbc5f393/pyyaml-6.0.3-cp310-cp310-win32.whl", hash = "sha256:28c8d926f98f432f88adc23edf2e6d4921ac26fb084b028c733d01868d19007e", size = 142415 },
    { url = "https://files.pythonhosted.org/packages/2a/fa/926c003379b19fca39dd4634818b00dec6c62d87faf628d1394e137354d4/pyyaml-6.0.3-cp310-cp310-win_amd64.whl", hash = "sha256:bdb2c67c6c1390b63c6ff89f210c8fd09d9a1217a465701eac7316313c915e4c", size = 158561 },
]

[[package]]
name = "requests"
version = "2.32.5"
source = { registry = "https://pypi.org/simple" }
dependencies = [
    { name = "certifi" },
    { name = "charset-normalizer" },
    { name = "idna" },
    { name = "urllib3" },
]
sdist = { url = "https://files.pythonhosted.org/packages/c9/74/b3ff8e6c8446842c3f5c837e9c3dfcfe2018ea6ecef224c710c85ef728f4/requests-2.32.5.tar.gz", hash = "sha256:dbba0bac56e100853db0ea71b82b4dfd5fe2bf6d3754a8893c3af500cec7d7cf", size = 134517 }
wheels = [
    { url = "https://files.pythonhosted.org/packages/1e/db/4254e3eabe8020b458f1a747140d32277ec7a271daf1d235b70dc0b4e6e3/requests-2.32.5-py3-none-any.whl", hash = "sha256:2462f94637a34fd532264295e186976db0f5d453d1cdd31473c85a6a161affb6", size = 64738 },
]

[[package]]
name = "rfc3986"
version = "2.0.0"
source = { registry = "https://pypi.org/simple" }
sdist = { url = "https://files.pythonhosted.org/packages/85/40/1520d68bfa07ab5a6f065a186815fb6610c86fe957bc065754e47f7b0840/rfc3986-2.0.0.tar.gz", hash = "sha256:97aacf9dbd4bfd829baad6e6309fa6573aaf1be3f6fa735c8ab05e46cecb261c", size = 49026 }
wheels = [
    { url = "https://files.pythonhosted.org/packages/ff/9a/9afaade874b2fa6c752c36f1548f718b5b83af81ed9b76628329dab81c1b/rfc3986-2.0.0-py2.py3-none-any.whl", hash = "sha256:50b1502b60e289cb37883f3dfd34532b8873c7de9f49bb546641ce9cbd256ebd", size = 31326 },
]

[[package]]
name = "tomli"
version = "2.4.0"
source = { registry = "https://pypi.org/simple" }
sdist = { url = "https://files.pythonhosted.org/packages/82/30/31573e9457673ab10aa432461bee537ce6cef177667deca369efb79df071/tomli-2.4.0.tar.gz", hash = "sha256:aa89c3f6c277dd275d8e243ad24f3b5e701491a860d5121f2cdd399fbb31fc9c", size = 17477 }
wheels = [
    { url = "https://files.pythonhosted.org/packages/23/d1/136eb2cb77520a31e1f64cbae9d33ec6df0d78bdf4160398e86eec8a8754/tomli-2.4.0-py3-none-any.whl", hash = "sha256:1f776e7d669ebceb01dee46484485f43a4048746235e683bcdffacdf1fb4785a", size = 14477 },
]

[[package]]
name = "typing-extensions"
version = "4.15.0"
source = { registry = "https://pypi.org/simple" }
sdist = { url = "https://files.pythonhosted.org/packages/72/94/1a15dd82efb362ac84269196e94cf00f187f7ed21c242792a923cdb1c61f/typing_extensions-4.15.0.tar.gz", hash = "sha256:0cea48d173cc12fa28ecabc3b837ea3cf6f38c6d1136f85cbaaf598984861466", size = 109391 }
wheels = [
    { url = "https://files.pythonhosted.org/packages/18/67/36e9267722cc04a6b9f15c7f3441c2363321a3ea07da7ae0c0707beb2a9c/typing_extensions-4.15.0-py3-none-any.whl", hash = "sha256:f0fa19c6845758ab08074a0cfa8b7aecb71c999ca73d62883bc25cc018c4e548", size = 44614 },
]

[[package]]
name = "urllib3"
version = "2.6.3"
source = { registry = "https://pypi.org/simple" }
sdist = { url = "https://files.pythonhosted.org/packages/c7/24/5f1b3bdffd70275f6661c76461e25f024d5a38a46f04aaca912426a2b1d3/urllib3-2.6.3.tar.gz", hash = "sha256:1b62b6884944a57dbe321509ab94fd4d3b307075e0c2eae991ac71ee15ad38ed", size = 435556 }
wheels = [
    { url = "https://files.pythonhosted.org/packages/39/08/aaaad47bc4e9dc8c725e68f9d04865dbcb2052843ff09c97b08904852d84/urllib3-2.6.3-py3-none-any.whl", hash = "sha256:bf272323e553dfb2e87d9bfd225ca7b0f467b919d7bbd355436d3fd37cb0acd4", size = 131584 },
]
